
Microsoft Visual Studio Solution File, Format Version 12.00
# Visual Studio Version 17
VisualStudioVersion = 17.9.34902.65
MinimumVisualStudioVersion = 10.0.40219.1
Project("{FAE04EC0-301F-11D3-BF4B-00C04F79EFBC}") = "UrlShortner", "UrlShortner\UrlShortner.csproj", "{6283A3BF-3BC0-4CE7-9525-7463DF9837BC}"
EndProject
Global
	GlobalSection(SolutionConfigurationPlatforms) = preSolution
		Debug|Any CPU = Debug|Any CPU
		Release|Any CPU = Release|Any CPU
	EndGlobalSection
	GlobalSection(ProjectConfigurationPlatforms) = postSolution
		{6283A3BF-3BC0-4CE7-9525-7463DF9837BC}.Debug|Any CPU.ActiveCfg = Debug|Any CPU
		{6283A3BF-3BC0-4CE7-9525-7463DF9837BC}.Debug|Any CPU.Build.0 = Debug|Any CPU
		{6283A3BF-3BC0-4CE7-9525-7463DF9837BC}.Release|Any CPU.ActiveCfg = Release|Any CPU
		{6283A3BF-3BC0-4CE7-9525-7463DF9837BC}.Release|Any CPU.Build.0 = Release|Any CPU
	EndGlobalSection
	GlobalSection(SolutionProperties) = preSolution
		HideSolutionNode = FALSE
	EndGlobalSection
	GlobalSection(ExtensibilityGlobals) = postSolution
		SolutionGuid = {EF09DA4E-6DDB-452C-B1C5-534FEADA291E}
	EndGlobalSection
EndGlobal
